PODS:
  - Alamofire (4.9.1)
  - HandyJSON (5.0.2)
  - LookinServer (1.0.5)
  - MLeaksFinder (1.0.0)
  - Moya (13.0.1):
    - Moya/Core (= 13.0.1)
  - Moya/Core (13.0.1):
    - Alamofire (~> 4.1)
    - Result (~> 4.1)
  - Result (4.1.0)
  - RxCocoa (6.5.0):
    - RxRelay (= 6.5.0)
    - RxSwift (= 6.5.0)
  - RxRelay (6.5.0):
    - RxSwift (= 6.5.0)
  - RxSwift (6.5.0)
  - SnapKit (4.2.0)
  - TangramKit (1.4.2)
  - URLNavigator (2.3.0)

DEPENDENCIES:
  - HandyJSON
  - LookinServer
  - MLeaksFinder (from `https://github.com/Tencent/MLeaksFinder.git`)
  - Moya
  - RxCocoa
  - RxSwift
  - SnapKit
  - TangramKit
  - URLNavigator

SPEC REPOS:
  trunk:
    - Alamofire
    - HandyJSON
    - LookinServer
    - Moya
    - Result
    - RxCocoa
    - RxRelay
    - RxSwift
    - SnapKit
    - TangramKit
    - URLNavigator

EXTERNAL SOURCES:
  MLeaksFinder:
    :git: https://github.com/Tencent/MLeaksFinder.git

CHECKOUT OPTIONS:
  MLeaksFinder:
    :commit: dda7088f1bbe9d1d07e730d37a16413dffa4747a
    :git: https://github.com/Tencent/MLeaksFinder.git

SPEC CHECKSUMS:
  Alamofire: 85e8a02c69d6020a0d734f6054870d7ecb75cf18
  HandyJSON: 9e4e236f5d2dbefad5155a77417bbea438201c03
  LookinServer: 3d9a02529ed94a6a08154440c26f6d7f453bb1e7
  MLeaksFinder: 89eb3142bf1bbd0a3d1849543b629399c5da74c5
  Moya: f4a4b80ff2f8a4ffc208dfb31cd91636622fee6e
  Result: bd966fac789cc6c1563440b348ab2598cc24d5c7
  RxCocoa: 94f817b71c07517321eb4f9ad299112ca8af743b
  RxRelay: 1de1523e604c72b6c68feadedd1af3b1b4d0ecbd
  RxSwift: 5710a9e6b17f3c3d6e40d6e559b9fa1e813b2ef8
  SnapKit: fe8a619752f3f27075cc9a90244d75c6c3f27e2a
  TangramKit: aad3ab8f9617418c9da96d59cddd71134ae8af83
  URLNavigator: 2593c0e2d293732ec5c44503cf54dceba1a68085

PODFILE CHECKSUM: 9f9dac2718e60651b79846925ef70fac7fd35555

COCOAPODS: 1.11.3
